
Microsoft Visual Studio Solution File, Format Version 12.00
# Visual Studio Version 16
VisualStudioVersion = 16.0.29613.14
MinimumVisualStudioVersion = 10.0.40219.1
Project("{FAE04EC0-301F-11D3-BF4B-00C04F79EFBC}") = "lrn001", "lrn001.csproj", "{6C8E80C7-4D5C-4A81-BC6C-12E4448AAB54}"
EndProject
Global
	GlobalSection(SolutionConfigurationPlatforms) = preSolution
		Debug|Any CPU = Debug|Any CPU
		Release|Any CPU = Release|Any CPU
	EndGlobalSection
	GlobalSection(ProjectConfigurationPlatforms) = postSolution
		{6C8E80C7-4D5C-4A81-BC6C-12E4448AAB54}.Debug|Any CPU.ActiveCfg = Debug|Any CPU
		{6C8E80C7-4D5C-4A81-BC6C-12E4448AAB54}.Debug|Any CPU.Build.0 = Debug|Any CPU
		{6C8E80C7-4D5C-4A81-BC6C-12E4448AAB54}.Release|Any CPU.ActiveCfg = Release|Any CPU
		{6C8E80C7-4D5C-4A81-BC6C-12E4448AAB54}.Release|Any CPU.Build.0 = Release|Any CPU
	EndGlobalSection
	GlobalSection(SolutionProperties) = preSolution
		HideSolutionNode = FALSE
	EndGlobalSection
	GlobalSection(ExtensibilityGlobals) = postSolution
		SolutionGuid = {47BBC313-DB25-4C6C-8948-6E003E46DE6A}
	EndGlobalSection
EndGlobal
